{
  "name": "threat-model-tool",
  "lockfileVersion": 3,
  "requires": true,
  "packages": {
    "": {
      "dependencies": {
        "html-escaper": "^3.0.3"
      },
      "devDependencies": {
        "@types/html-escaper": "^3.0.4"
      }
    },
    "node_modules/@types/html-escaper": {
      "version": "3.0.4",
      "resolved": "https://registry.npmjs.org/@types/html-escaper/-/html-escaper-3.0.4.tgz",
      "integrity": "sha512-UKSaMPMXXKnq1jDj74seVikfdq5pWvoXcIgOUbwYzHuAEGiv8/juom1i/MsWBF8boFSI0uHQCSZauzr5OYnnJA==",
      "dev": true,
      "license": "MIT"
    },
    "node_modules/html-escaper": {
      "version": "3.0.3",
      "resolved": "https://registry.npmjs.org/html-escaper/-/html-escaper-3.0.3.tgz",
      "integrity": "sha512-RuMffC89BOWQoY0WKGpIhn5gX3iI54O6nRA0yC124NYVtzjmFWBIiFd8M0x+ZdX0P9R4lADg1mgP8C7PxGOWuQ==",
      "license": "MIT"
    }
  }
}
